// !$*UTF8*$!
{
	archiveVersion = 1;
	classes = {
	};
	objectVersion = 56;
	objects = {

/* Begin PBXBuildFile section */
		0135A1A92D04EEC400CFE988 /* FeedLoaderApp.swift in Sources */ = {isa = PBXBuildFile; fileRef = 0135A1A82D04EEC400CFE988 /* FeedLoaderApp.swift */; };
		0135A1AB2D04EEC400CFE988 /* ContentView.swift in Sources */ = {isa = PBXBuildFile; fileRef = 0135A1AA2D04EEC400CFE988 /* ContentView.swift */; };
		0135A1AD2D04EEC600CFE988 /* Assets.xcassets in Resources */ = {isa = PBXBuildFile; fileRef = 0135A1AC2D04EEC600CFE988 /* Assets.xcassets */; };
		0135A1B02D04EEC600CFE988 /* Preview Assets.xcassets in Resources */ = {isa = PBXBuildFile; fileRef = 0135A1AF2D04EEC600CFE988 /* Preview Assets.xcassets */; };
		0135A1BD2D06282900CFE988 /* FeedLoaderTests.swift in Sources */ = {isa = PBXBuildFile; fileRef = 0135A1BC2D06282900CFE988 /* FeedLoaderTests.swift */; };
		0135A1C52D062F1600CFE988 /* FeedItem.swift in Sources */ = {isa = PBXBuildFile; fileRef = 0135A1C42D062F1600CFE988 /* FeedItem.swift */; };
		0135A1C72D062F6300CFE988 /* FeedLoader.swift in Sources */ = {isa = PBXBuildFile; fileRef = 0135A1C62D062F6300CFE988 /* FeedLoader.swift */; };
/* End PBXBuildFile section */

/* Begin PBXContainerItemProxy section */
		0135A1BE2D06282900CFE988 /* PBXContainerItemProxy */ = {
			isa = PBXContainerItemProxy;
			containerPortal = 0135A19D2D04EEC400CFE988 /* Project object */;
			proxyType = 1;
			remoteGlobalIDString = 0135A1A42D04EEC400CFE988;
			remoteInfo = FeedLoader;
		};
/* End PBXContainerItemProxy section */

/* Begin PBXFileReference section */
		0135A1A52D04EEC400CFE988 /* FeedLoader.app */ = {isa = PBXFileReference; explicitFileType = wrapper.application; includeInIndex = 0; path = FeedLoader.app; sourceTree = BUILT_PRODUCTS_DIR; };
		0135A1A82D04EEC400CFE988 /* FeedLoaderApp.swift */ = {isa = PBXFileReference; lastKnownFileType = sourcecode.swift; path = FeedLoaderApp.swift; sourceTree = "<group>"; };
		0135A1AA2D04EEC400CFE988 /* ContentView.swift */ = {isa = PBXFileReference; lastKnownFileType = sourcecode.swift; path = ContentView.swift; sourceTree = "<group>"; };
		0135A1AC2D04EEC600CFE988 /* Assets.xcassets */ = {isa = PBXFileReference; lastKnownFileType = folder.assetcatalog; path = Assets.xcassets; sourceTree = "<group>"; };
		0135A1AF2D04EEC600CFE988 /* Preview Assets.xcassets */ = {isa = PBXFileReference; lastKnownFileType = folder.assetcatalog; path = "Preview Assets.xcassets"; sourceTree = "<group>"; };
		0135A1BA2D06282900CFE988 /* FeedLoaderTests.xctest */ = {isa = PBXFileReference; explicitFileType = wrapper.cfbundle; includeInIndex = 0; path = FeedLoaderTests.xctest; sourceTree = BUILT_PRODUCTS_DIR; };
		0135A1BC2D06282900CFE988 /* FeedLoaderTests.swift */ = {isa = PBXFileReference; lastKnownFileType = sourcecode.swift; path = FeedLoaderTests.swift; sourceTree = "<group>"; };
		0135A1C42D062F1600CFE988 /* FeedItem.swift */ = {isa = PBXFileReference; lastKnownFileType = sourcecode.swift; path = FeedItem.swift; sourceTree = "<group>"; };
		0135A1C62D062F6300CFE988 /* FeedLoader.swift */ = {isa = PBXFileReference; lastKnownFileType = sourcecode.swift; path = FeedLoader.swift; sourceTree = "<group>"; };
/* End PBXFileReference section */

/* Begin PBXFrameworksBuildPhase section */
		0135A1A22D04EEC400CFE988 /* Frameworks */ = {
			isa = PBXFrameworksBuildPhase;
			buildActionMask = 2147483647;
			files = (
			);
			runOnlyForDeploymentPostprocessing = 0;
		};
		0135A1B72D06282900CFE988 /* Frameworks */ = {
			isa = PBXFrameworksBuildPhase;
			buildActionMask = 2147483647;
			files = (
			);
			runOnlyForDeploymentPostprocessing = 0;
		};
/* End PBXFrameworksBuildPhase section */

/* Begin PBXGroup section */
		0135A19C2D04EEC400CFE988 = {
			isa = PBXGroup;
			children = (
				0135A1A72D04EEC400CFE988 /* FeedLoader */,
				0135A1BB2D06282900CFE988 /* FeedLoaderTests */,
				0135A1A62D04EEC400CFE988 /* Products */,
			);
			sourceTree = "<group>";
		};
		0135A1A62D04EEC400CFE988 /* Products */ = {
			isa = PBXGroup;
			children = (
				0135A1A52D04EEC400CFE988 /* FeedLoader.app */,
				0135A1BA2D06282900CFE988 /* FeedLoaderTests.xctest */,
			);
			name = Products;
			sourceTree = "<group>";
		};
		0135A1A72D04EEC400CFE988 /* FeedLoader */ = {
			isa = PBXGroup;
			children = (
				0135A1C32D062EAD00CFE988 /* FeedFeature */,
				0135A1A82D04EEC400CFE988 /* FeedLoaderApp.swift */,
				0135A1AA2D04EEC400CFE988 /* ContentView.swift */,
				0135A1AC2D04EEC600CFE988 /* Assets.xcassets */,
				0135A1AE2D04EEC600CFE988 /* Preview Content */,
			);
			path = FeedLoader;
			sourceTree = "<group>";
		};
		0135A1AE2D04EEC600CFE988 /* Preview Content */ = {
			isa = PBXGroup;
			children = (
				0135A1AF2D04EEC600CFE988 /* Preview Assets.xcassets */,
			);
			path = "Preview Content";
			sourceTree = "<group>";
		};
		0135A1BB2D06282900CFE988 /* FeedLoaderTests */ = {
			isa = PBXGroup;
			children = (
				0135A1BC2D06282900CFE988 /* FeedLoaderTests.swift */,
			);
			path = FeedLoaderTests;
			sourceTree = "<group>";
		};
		0135A1C32D062EAD00CFE988 /* FeedFeature */ = {
			isa = PBXGroup;
			children = (
				0135A1C42D062F1600CFE988 /* FeedItem.swift */,
				0135A1C62D062F6300CFE988 /* FeedLoader.swift */,
			);
			path = FeedFeature;
			sourceTree = "<group>";
		};
/* End PBXGroup section */

/* Begin PBXNativeTarget section */
		0135A1A42D04EEC400CFE988 /* FeedLoader */ = {
			isa = PBXNativeTarget;
			buildConfigurationList = 0135A1B32D04EEC600CFE988 /* Build configuration list for PBXNativeTarget "FeedLoader" */;
			buildPhases = (
				0135A1A12D04EEC400CFE988 /* Sources */,
				0135A1A22D04EEC400CFE988 /* Frameworks */,
				0135A1A32D04EEC400CFE988 /* Resources */,
			);
			buildRules = (
			);
			dependencies = (
			);
			name = FeedLoader;
			productName = FeedLoader;
			productReference = 0135A1A52D04EEC400CFE988 /* FeedLoader.app */;
			productType = "com.apple.product-type.application";
		};
		0135A1B92D06282900CFE988 /* FeedLoaderTests */ = {
			isa = PBXNativeTarget;
			buildConfigurationList = 0135A1C02D06282900CFE988 /* Build configuration list for PBXNativeTarget "FeedLoaderTests" */;
			buildPhases = (
				0135A1B62D06282900CFE988 /* Sources */,
				0135A1B72D06282900CFE988 /* Frameworks */,
				0135A1B82D06282900CFE988 /* Resources */,
			);
			buildRules = (
			);
			dependencies = (
				0135A1BF2D06282900CFE988 /* PBXTargetDependency */,
			);
			name = FeedLoaderTests;
			productName = FeedLoaderTests;
			productReference = 0135A1BA2D06282900CFE988 /* FeedLoaderTests.xctest */;
			productType = "com.apple.product-type.bundle.unit-test";
		};
/* End PBXNativeTarget section */

/* Begin PBXProject section */
		0135A19D2D04EEC400CFE988 /* Project object */ = {
			isa = PBXProject;
			attributes = {
				BuildIndependentTargetsInParallel = 1;
				LastSwiftUpdateCheck = 1540;
				LastUpgradeCheck = 1540;
				TargetAttributes = {
					0135A1A42D04EEC400CFE988 = {
						CreatedOnToolsVersion = 15.4;
					};
					0135A1B92D06282900CFE988 = {
						CreatedOnToolsVersion = 15.4;
						TestTargetID = 0135A1A42D04EEC400CFE988;
					};
				};
			};
			buildConfigurationList = 0135A1A02D04EEC400CFE988 /* Build configuration list for PBXProject "FeedLoader" */;
			compatibilityVersion = "Xcode 14.0";
			developmentRegion = en;
			hasScannedForEncodings = 0;
			knownRegions = (
				en,
				Base,
			);
			mainGroup = 0135A19C2D04EEC400CFE988;
			productRefGroup = 0135A1A62D04EEC400CFE988 /* Products */;
			projectDirPath = "";
			projectRoot = "";
			targets = (
				0135A1A42D04EEC400CFE988 /* FeedLoader */,
				0135A1B92D06282900CFE988 /* FeedLoaderTests */,
			);
		};
/* End PBXProject section */

/* Begin PBXResourcesBuildPhase section */
		0135A1A32D04EEC400CFE988 /* Resources */ = {
			isa = PBXResourcesBuildPhase;
			buildActionMask = 2147483647;
			files = (
				0135A1B02D04EEC600CFE988 /* Preview Assets.xcassets in Resources */,
				0135A1AD2D04EEC600CFE988 /* Assets.xcassets in Resources */,
			);
			runOnlyForDeploymentPostprocessing = 0;
		};
		0135A1B82D06282900CFE988 /* Resources */ = {
			isa = PBXResourcesBuildPhase;
			buildActionMask = 2147483647;
			files = (
			);
			runOnlyForDeploymentPostprocessing = 0;
		};
/* End PBXResourcesBuildPhase section */

/* Begin PBXSourcesBuildPhase section */
		0135A1A12D04EEC400CFE988 /* Sources */ = {
			isa = PBXSourcesBuildPhase;
			buildActionMask = 2147483647;
			files = (
				0135A1AB2D04EEC400CFE988 /* ContentView.swift in Sources */,
				0135A1A92D04EEC400CFE988 /* FeedLoaderApp.swift in Sources */,
				0135A1C72D062F6300CFE988 /* FeedLoader.swift in Sources */,
				0135A1C52D062F1600CFE988 /* FeedItem.swift in Sources */,
			);
			runOnlyForDeploymentPostprocessing = 0;
		};
		0135A1B62D06282900CFE988 /* Sources */ = {
			isa = PBXSourcesBuildPhase;
			buildActionMask = 2147483647;
			files = (
				0135A1BD2D06282900CFE988 /* FeedLoaderTests.swift in Sources */,
			);
			runOnlyForDeploymentPostprocessing = 0;
		};
/* End PBXSourcesBuildPhase section */

/* Begin PBXTargetDependency section */
		0135A1BF2D06282900CFE988 /* PBXTargetDependency */ = {
			isa = PBXTargetDependency;
			target = 0135A1A42D04EEC400CFE988 /* FeedLoader */;
			targetProxy = 0135A1BE2D06282900CFE988 /* PBXContainerItemProxy */;
		};
/* End PBXTargetDependency section */

/* Begin XCBuildConfiguration section */
		0135A1B12D04EEC600CFE988 /* Debug */ = {
			isa = XCBuildConfiguration;
			buildSettings = {
				ALWAYS_SEARCH_USER_PATHS = NO;
				ASSETCATALOG_COMPILER_GENERATE_SWIFT_ASSET_SYMBOL_EXTENSIONS = YES;
				CLANG_ANALYZER_NONNULL = YES;
				CLANG_ANALYZER_NUMBER_OBJECT_CONVERSION = YES_AGGRESSIVE;
				CLANG_CXX_LANGUAGE_STANDARD = "gnu++20";
				CLANG_ENABLE_MODULES = YES;
				CLANG_ENABLE_OBJC_ARC = YES;
				CLANG_ENABLE_OBJC_WEAK = YES;
				CLANG_WARN_BLOCK_CAPTURE_AUTORELEASING = YES;
				CLANG_WARN_BOOL_CONVERSION = YES;
				CLANG_WARN_COMMA = YES;
				CLANG_WARN_CONSTANT_CONVERSION = YES;
				CLANG_WARN_DEPRECATED_OBJC_IMPLEMENTATIONS = YES;
				CLANG_WARN_DIRECT_OBJC_ISA_USAGE = YES_ERROR;
				CLANG_WARN_DOCUMENTATION_COMMENTS = YES;
				CLANG_WARN_EMPTY_BODY = YES;
				CLANG_WARN_ENUM_CONVERSION = YES;
				CLANG_WARN_INFINITE_RECURSION = YES;
				CLANG_WARN_INT_CONVERSION = YES;
				CLANG_WARN_NON_LITERAL_NULL_CONVERSION = YES;
				CLANG_WARN_OBJC_IMPLICIT_RETAIN_SELF = YES;
				CLANG_WARN_OBJC_LITERAL_CONVERSION = YES;
				CLANG_WARN_OBJC_ROOT_CLASS = YES_ERROR;
				CLANG_WARN_QUOTED_INCLUDE_IN_FRAMEWORK_HEADER = YES;
				CLANG_WARN_RANGE_LOOP_ANALYSIS = YES;
				CLANG_WARN_STRICT_PROTOTYPES = YES;
				CLANG_WARN_SUSPICIOUS_MOVE = YES;
				CLANG_WARN_UNGUARDED_AVAILABILITY = YES_AGGRESSIVE;
				CLANG_WARN_UNREACHABLE_CODE = YES;
				CLANG_WARN__DUPLICATE_METHOD_MATCH = YES;
				COPY_PHASE_STRIP = NO;
				DEBUG_INFORMATION_FORMAT = dwarf;
				ENABLE_STRICT_OBJC_MSGSEND = YES;
				ENABLE_TESTABILITY = YES;
				ENABLE_USER_SCRIPT_SANDBOXING = YES;
				GCC_C_LANGUAGE_STANDARD = gnu17;
				GCC_DYNAMIC_NO_PIC = NO;
				GCC_NO_COMMON_BLOCKS = YES;
				GCC_OPTIMIZATION_LEVEL = 0;
				GCC_PREPROCESSOR_DEFINITIONS = (
					"DEBUG=1",
					"$(inherited)",
				);
				GCC_WARN_64_TO_32_BIT_CONVERSION = YES;
				GCC_WARN_ABOUT_RETURN_TYPE = YES_ERROR;
				GCC_WARN_UNDECLARED_SELECTOR = YES;
				GCC_WARN_UNINITIALIZED_AUTOS = YES_AGGRESSIVE;
				GCC_WARN_UNUSED_FUNCTION = YES;
				GCC_WARN_UNUSED_VARIABLE = YES;
				IPHONEOS_DEPLOYMENT_TARGET = 17.5;
				LOCALIZATION_PREFERS_STRING_CATALOGS = YES;
				MTL_ENABLE_DEBUG_INFO = INCLUDE_SOURCE;
				MTL_FAST_MATH = YES;
				ONLY_ACTIVE_ARCH = YES;
				SDKROOT = iphoneos;
				SWIFT_ACTIVE_COMPILATION_CONDITIONS = "DEBUG $(inherited)";
				SWIFT_OPTIMIZATION_LEVEL = "-Onone";
			};
			name = Debug;
		};
		0135A1B22D04EEC600CFE988 /* Release */ = {
			isa = XCBuildConfiguration;
			buildSettings = {
				ALWAYS_SEARCH_USER_PATHS = NO;
				ASSETCATALOG_COMPILER_GENERATE_SWIFT_ASSET_SYMBOL_EXTENSIONS = YES;
				CLANG_ANALYZER_NONNULL = YES;
				CLANG_ANALYZER_NUMBER_OBJECT_CONVERSION = YES_AGGRESSIVE;
				CLANG_CXX_LANGUAGE_STANDARD = "gnu++20";
				CLANG_ENABLE_MODULES = YES;
				CLANG_ENABLE_OBJC_ARC = YES;
				CLANG_ENABLE_OBJC_WEAK = YES;
				CLANG_WARN_BLOCK_CAPTURE_AUTORELEASING = YES;
				CLANG_WARN_BOOL_CONVERSION = YES;
				CLANG_WARN_COMMA = YES;
				CLANG_WARN_CONSTANT_CONVERSION = YES;
				CLANG_WARN_DEPRECATED_OBJC_IMPLEMENTATIONS = YES;
				CLANG_WARN_DIRECT_OBJC_ISA_USAGE = YES_ERROR;
				CLANG_WARN_DOCUMENTATION_COMMENTS = YES;
				CLANG_WARN_EMPTY_BODY = YES;
				CLANG_WARN_ENUM_CONVERSION = YES;
				CLANG_WARN_INFINITE_RECURSION = YES;
				CLANG_WARN_INT_CONVERSION = YES;
				CLANG_WARN_NON_LITERAL_NULL_CONVERSION = YES;
				CLANG_WARN_OBJC_IMPLICIT_RETAIN_SELF = YES;
				CLANG_WARN_OBJC_LITERAL_CONVERSION = YES;
				CLANG_WARN_OBJC_ROOT_CLASS = YES_ERROR;
				CLANG_WARN_QUOTED_INCLUDE_IN_FRAMEWORK_HEADER = YES;
				CLANG_WARN_RANGE_LOOP_ANALYSIS = YES;
				CLANG_WARN_STRICT_PROTOTYPES = YES;
				CLANG_WARN_SUSPICIOUS_MOVE = YES;
				CLANG_WARN_UNGUARDED_AVAILABILITY = YES_AGGRESSIVE;
				CLANG_WARN_UNREACHABLE_CODE = YES;
				CLANG_WARN__DUPLICATE_METHOD_MATCH = YES;
				COPY_PHASE_STRIP = NO;
				DEBUG_INFORMATION_FORMAT = "dwarf-with-dsym";
				ENABLE_NS_ASSERTIONS = NO;
				ENABLE_STRICT_OBJC_MSGSEND = YES;
				ENABLE_USER_SCRIPT_SANDBOXING = YES;
				GCC_C_LANGUAGE_STANDARD = gnu17;
				GCC_NO_COMMON_BLOCKS = YES;
				GCC_WARN_64_TO_32_BIT_CONVERSION = YES;
				GCC_WARN_ABOUT_RETURN_TYPE = YES_ERROR;
				GCC_WARN_UNDECLARED_SELECTOR = YES;
				GCC_WARN_UNINITIALIZED_AUTOS = YES_AGGRESSIVE;
				GCC_WARN_UNUSED_FUNCTION = YES;
				GCC_WARN_UNUSED_VARIABLE = YES;
				IPHONEOS_DEPLOYMENT_TARGET = 17.5;
				LOCALIZATION_PREFERS_STRING_CATALOGS = YES;
				MTL_ENABLE_DEBUG_INFO = NO;
				MTL_FAST_MATH = YES;
				SDKROOT = iphoneos;
				SWIFT_COMPILATION_MODE = wholemodule;
				VALIDATE_PRODUCT = YES;
			};
			name = Release;
		};
		0135A1B42D04EEC600CFE988 /* Debug */ = {
			isa = XCBuildConfiguration;
			buildSettings = {
				ASSETCATALOG_COMPILER_APPICON_NAME = AppIcon;
				ASSETCATALOG_COMPILER_GLOBAL_ACCENT_COLOR_NAME = AccentColor;
				CODE_SIGN_STYLE = Automatic;
				CURRENT_PROJECT_VERSION = 1;
				DEVELOPMENT_ASSET_PATHS = "\"FeedLoader/Preview Content\"";
				ENABLE_PREVIEWS = YES;
				GENERATE_INFOPLIST_FILE = YES;
				INFOPLIST_KEY_UIApplicationSceneManifest_Generation = YES;
				INFOPLIST_KEY_UIApplicationSupportsIndirectInputEvents = YES;
				INFOPLIST_KEY_UILaunchScreen_Generation = YES;
				INFOPLIST_KEY_UISupportedInterfaceOrientations_iPad = "UIInterfaceOrientationPortrait UIInterfaceOrientationPortraitUpsideDown UIInterfaceOrientationLandscapeLeft UIInterfaceOrientationLandscapeRight";
				INFOPLIST_KEY_UISupportedInterfaceOrientations_iPhone = "UIInterfaceOrientationPortrait UIInterfaceOrientationLandscapeLeft UIInterfaceOrientationLandscapeRight";
				LD_RUNPATH_SEARCH_PATHS = (
					"$(inherited)",
					"@executable_path/Frameworks",
				);
				MARKETING_VERSION = 1.0;
				PRODUCT_BUNDLE_IDENTIFIER = uk.co.sinbyte.FeedLoader;
				PRODUCT_NAME = "$(TARGET_NAME)";
				SWIFT_EMIT_LOC_STRINGS = YES;
				SWIFT_VERSION = 5.0;
				TARGETED_DEVICE_FAMILY = "1,2";
			};
			name = Debug;
		};
		0135A1B52D04EEC600CFE988 /* Release */ = {
			isa = XCBuildConfiguration;
			buildSettings = {
				ASSETCATALOG_COMPILER_APPICON_NAME = AppIcon;
				ASSETCATALOG_COMPILER_GLOBAL_ACCENT_COLOR_NAME = AccentColor;
				CODE_SIGN_STYLE = Automatic;
				CURRENT_PROJECT_VERSION = 1;
				DEVELOPMENT_ASSET_PATHS = "\"FeedLoader/Preview Content\"";
				ENABLE_PREVIEWS = YES;
				GENERATE_INFOPLIST_FILE = YES;
				INFOPLIST_KEY_UIApplicationSceneManifest_Generation = YES;
				INFOPLIST_KEY_UIApplicationSupportsIndirectInputEvents = YES;
				INFOPLIST_KEY_UILaunchScreen_Generation = YES;
				INFOPLIST_KEY_UISupportedInterfaceOrientations_iPad = "UIInterfaceOrientationPortrait UIInterfaceOrientationPortraitUpsideDown UIInterfaceOrientationLandscapeLeft UIInterfaceOrientationLandscapeRight";
				INFOPLIST_KEY_UISupportedInterfaceOrientations_iPhone = "UIInterfaceOrientationPortrait UIInterfaceOrientationLandscapeLeft UIInterfaceOrientationLandscapeRight";
				LD_RUNPATH_SEARCH_PATHS = (
					"$(inherited)",
					"@executable_path/Frameworks",
				);
				MARKETING_VERSION = 1.0;
				PRODUCT_BUNDLE_IDENTIFIER = uk.co.sinbyte.FeedLoader;
				PRODUCT_NAME = "$(TARGET_NAME)";
				SWIFT_EMIT_LOC_STRINGS = YES;
				SWIFT_VERSION = 5.0;
				TARGETED_DEVICE_FAMILY = "1,2";
			};
			name = Release;
		};
		0135A1C12D06282900CFE988 /* Debug */ = {
			isa = XCBuildConfiguration;
			buildSettings = {
				BUNDLE_LOADER = "$(TEST_HOST)";
				CODE_SIGN_STYLE = Automatic;
				CURRENT_PROJECT_VERSION = 1;
				GENERATE_INFOPLIST_FILE = YES;
				MARKETING_VERSION = 1.0;
				PRODUCT_BUNDLE_IDENTIFIER = uk.co.sinbyte.FeedLoaderTests;
				PRODUCT_NAME = "$(TARGET_NAME)";
				SWIFT_EMIT_LOC_STRINGS = NO;
				SWIFT_VERSION = 5.0;
				TARGETED_DEVICE_FAMILY = "1,2";
				TEST_HOST = "$(BUILT_PRODUCTS_DIR)/FeedLoader.app/$(BUNDLE_EXECUTABLE_FOLDER_PATH)/FeedLoader";
			};
			name = Debug;
		};
		0135A1C22D06282900CFE988 /* Release */ = {
			isa = XCBuildConfiguration;
			buildSettings = {
				BUNDLE_LOADER = "$(TEST_HOST)";
				CODE_SIGN_STYLE = Automatic;
				CURRENT_PROJECT_VERSION = 1;
				GENERATE_INFOPLIST_FILE = YES;
				MARKETING_VERSION = 1.0;
				PRODUCT_BUNDLE_IDENTIFIER = uk.co.sinbyte.FeedLoaderTests;
				PRODUCT_NAME = "$(TARGET_NAME)";
				SWIFT_EMIT_LOC_STRINGS = NO;
				SWIFT_VERSION = 5.0;
				TARGETED_DEVICE_FAMILY = "1,2";
				TEST_HOST = "$(BUILT_PRODUCTS_DIR)/FeedLoader.app/$(BUNDLE_EXECUTABLE_FOLDER_PATH)/FeedLoader";
			};
			name = Release;
		};
/* End XCBuildConfiguration section */

/* Begin XCConfigurationList section */
		0135A1A02D04EEC400CFE988 /* Build configuration list for PBXProject "FeedLoader" */ = {
			isa = XCConfigurationList;
			buildConfigurations = (
				0135A1B12D04EEC600CFE988 /* Debug */,
				0135A1B22D04EEC600CFE988 /* Release */,
			);
			defaultConfigurationIsVisible = 0;
			defaultConfigurationName = Release;
		};
		0135A1B32D04EEC600CFE988 /* Build configuration list for PBXNativeTarget "FeedLoader" */ = {
			isa = XCConfigurationList;
			buildConfigurations = (
				0135A1B42D04EEC600CFE988 /* Debug */,
				0135A1B52D04EEC600CFE988 /* Release */,
			);
			defaultConfigurationIsVisible = 0;
			defaultConfigurationName = Release;
		};
		0135A1C02D06282900CFE988 /* Build configuration list for PBXNativeTarget "FeedLoaderTests" */ = {
			isa = XCConfigurationList;
			buildConfigurations = (
				0135A1C12D06282900CFE988 /* Debug */,
				0135A1C22D06282900CFE988 /* Release */,
			);
			defaultConfigurationIsVisible = 0;
			defaultConfigurationName = Release;
		};
/* End XCConfigurationList section */
	};
	rootObject = 0135A19D2D04EEC400CFE988 /* Project object */;
}
